// !$*UTF8*$!
{
	archiveVersion = 1;
	classes = {
	};
	objectVersion = 46;
	objects = {

/* Begin PBXBuildFile section */
		676746531E057CEB003958D9 /* CapchaNavigationController.swift in Sources */ = {isa = PBXBuildFile; fileRef = 676746501E057CEB003958D9 /* CapchaNavigationController.swift */; };
		676746541E057CEB003958D9 /* ModelViewController.swift in Sources */ = {isa = PBXBuildFile; fileRef = 676746511E057CEB003958D9 /* ModelViewController.swift */; };
		676746551E057CEB003958D9 /* PhotographerViewController.swift in Sources */ = {isa = PBXBuildFile; fileRef = 676746521E057CEB003958D9 /* PhotographerViewController.swift */; };
		676746571E057E22003958D9 /* HorizontalScrollViewController.swift in Sources */ = {isa = PBXBuildFile; fileRef = 676746561E057E22003958D9 /* HorizontalScrollViewController.swift */; };
		67A969A21DF6C9F800397526 /* AppDelegate.swift in Sources */ = {isa = PBXBuildFile; fileRef = 67A969A11DF6C9F800397526 /* AppDelegate.swift */; };
		67A969A91DF6C9F800397526 /* Assets.xcassets in Resources */ = {isa = PBXBuildFile; fileRef = 67A969A81DF6C9F800397526 /* Assets.xcassets */; };
		67A969AC1DF6C9F800397526 /* LaunchScreen.storyboard in Resources */ = {isa = PBXBuildFile; fileRef = 67A969AA1DF6C9F800397526 /* LaunchScreen.storyboard */; };
		C9BA7566DE0B709ADE36BC5C /* Pods_Capcha.framework in Frameworks */ = {isa = PBXBuildFile; fileRef = 59EF925EDAC9245514D976D6 /* Pods_Capcha.framework */; };
/* End PBXBuildFile section */

/* Begin PBXFileReference section */
		2C3D70A592F33696D34C1345 /* Pods-Capcha.release.xcconfig */ = {isa = PBXFileReference; includeInIndex = 1; lastKnownFileType = text.xcconfig; name = "Pods-Capcha.release.xcconfig"; path = "Pods/Target Support Files/Pods-Capcha/Pods-Capcha.release.xcconfig"; sourceTree = "<group>"; };
		59EF925EDAC9245514D976D6 /* Pods_Capcha.framework */ = {isa = PBXFileReference; explicitFileType = wrapper.framework; includeInIndex = 0; path = Pods_Capcha.framework; sourceTree = BUILT_PRODUCTS_DIR; };
		676746501E057CEB003958D9 /* CapchaNavigationController.swift */ = {isa = PBXFileReference; fileEncoding = 4; lastKnownFileType = sourcecode.swift; name = CapchaNavigationController.swift; path = ../CapchaNavigationController.swift; sourceTree = "<group>"; };
		676746511E057CEB003958D9 /* ModelViewController.swift */ = {isa = PBXFileReference; fileEncoding = 4; lastKnownFileType = sourcecode.swift; name = ModelViewController.swift; path = ../ModelViewController.swift; sourceTree = "<group>"; };
		676746521E057CEB003958D9 /* PhotographerViewController.swift */ = {isa = PBXFileReference; fileEncoding = 4; lastKnownFileType = sourcecode.swift; name = PhotographerViewController.swift; path = ../PhotographerViewController.swift; sourceTree = "<group>"; };
		676746561E057E22003958D9 /* HorizontalScrollViewController.swift */ = {isa = PBXFileReference; fileEncoding = 4; lastKnownFileType = sourcecode.swift; name = HorizontalScrollViewController.swift; path = ../HorizontalScrollViewController.swift; sourceTree = "<group>"; };
		67A9699E1DF6C9F800397526 /* Capcha.app */ = {isa = PBXFileReference; explicitFileType = wrapper.application; includeInIndex = 0; path = Capcha.app; sourceTree = BUILT_PRODUCTS_DIR; };
		67A969A11DF6C9F800397526 /* AppDelegate.swift */ = {isa = PBXFileReference; lastKnownFileType = sourcecode.swift; path = AppDelegate.swift; sourceTree = "<group>"; };
		67A969A81DF6C9F800397526 /* Assets.xcassets */ = {isa = PBXFileReference; lastKnownFileType = folder.assetcatalog; path = Assets.xcassets; sourceTree = "<group>"; };
		67A969AB1DF6C9F800397526 /* Base */ = {isa = PBXFileReference; lastKnownFileType = file.storyboard; name = Base; path = Base.lproj/LaunchScreen.storyboard; sourceTree = "<group>"; };
		67A969AD1DF6C9F800397526 /* Info.plist */ = {isa = PBXFileReference; lastKnownFileType = text.plist.xml; path = Info.plist; sourceTree = "<group>"; };
		D611F5420F31C95BE82441E7 /* Pods-Capcha.debug.xcconfig */ = {isa = PBXFileReference; includeInIndex = 1; lastKnownFileType = text.xcconfig; name = "Pods-Capcha.debug.xcconfig"; path = "Pods/Target Support Files/Pods-Capcha/Pods-Capcha.debug.xcconfig"; sourceTree = "<group>"; };
/* End PBXFileReference section */

/* Begin PBXFrameworksBuildPhase section */
		67A9699B1DF6C9F800397526 /* Frameworks */ = {
			isa = PBXFrameworksBuildPhase;
			buildActionMask = 2147483647;
			files = (
				C9BA7566DE0B709ADE36BC5C /* Pods_Capcha.framework in Frameworks */,
			);
			runOnlyForDeploymentPostprocessing = 0;
		};
/* End PBXFrameworksBuildPhase section */

/* Begin PBXGroup section */
		674FDFF81E06EFFD00CF2D0A /* Columns */ = {
			isa = PBXGroup;
			children = (
				676746511E057CEB003958D9 /* ModelViewController.swift */,
				676746521E057CEB003958D9 /* PhotographerViewController.swift */,
			);
			path = Columns;
			sourceTree = "<group>";
		};
		674FDFF91E06F07A00CF2D0A /* Custom */ = {
			isa = PBXGroup;
			children = (
				676746501E057CEB003958D9 /* CapchaNavigationController.swift */,
			);
			path = Custom;
			sourceTree = "<group>";
		};
		674FDFFA1E06F0CE00CF2D0A /* Home */ = {
			isa = PBXGroup;
			children = (
				676746561E057E22003958D9 /* HorizontalScrollViewController.swift */,
			);
			path = Home;
			sourceTree = "<group>";
		};
		6778E9B11F6F09BE05014093 /* Frameworks */ = {
			isa = PBXGroup;
			children = (
				59EF925EDAC9245514D976D6 /* Pods_Capcha.framework */,
			);
			name = Frameworks;
			sourceTree = "<group>";
		};
		67A969951DF6C9F800397526 = {
			isa = PBXGroup;
			children = (
				67A969A01DF6C9F800397526 /* Capcha */,
				67A9699F1DF6C9F800397526 /* Products */,
				FB0DA052429B77546629AE82 /* Pods */,
				6778E9B11F6F09BE05014093 /* Frameworks */,
			);
			sourceTree = "<group>";
		};
		67A9699F1DF6C9F800397526 /* Products */ = {
			isa = PBXGroup;
			children = (
				67A9699E1DF6C9F800397526 /* Capcha.app */,
			);
			name = Products;
			sourceTree = "<group>";
		};
		67A969A01DF6C9F800397526 /* Capcha */ = {
			isa = PBXGroup;
			children = (
				674FDFFA1E06F0CE00CF2D0A /* Home */,
				674FDFF91E06F07A00CF2D0A /* Custom */,
				674FDFF81E06EFFD00CF2D0A /* Columns */,
				67A969A11DF6C9F800397526 /* AppDelegate.swift */,
				67A969A81DF6C9F800397526 /* Assets.xcassets */,
				67A969AA1DF6C9F800397526 /* LaunchScreen.storyboard */,
				67A969AD1DF6C9F800397526 /* Info.plist */,
			);
			path = Capcha;
			sourceTree = "<group>";
		};
		FB0DA052429B77546629AE82 /* Pods */ = {
			isa = PBXGroup;
			children = (
				D611F5420F31C95BE82441E7 /* Pods-Capcha.debug.xcconfig */,
				2C3D70A592F33696D34C1345 /* Pods-Capcha.release.xcconfig */,
			);
			name = Pods;
			sourceTree = "<group>";
		};
/* End PBXGroup section */

/* Begin PBXNativeTarget section */
		67A9699D1DF6C9F800397526 /* Capcha */ = {
			isa = PBXNativeTarget;
			buildConfigurationList = 67A969B01DF6C9F800397526 /* Build configuration list for PBXNativeTarget "Capcha" */;
			buildPhases = (
				4DD63D9B534EC6B4EF8D735A /* [CP] Check Pods Manifest.lock */,
				67A9699A1DF6C9F800397526 /* Sources */,
				67A9699B1DF6C9F800397526 /* Frameworks */,
				67A9699C1DF6C9F800397526 /* Resources */,
				D411E4AEEE2D8F489D9386B8 /* [CP] Embed Pods Frameworks */,
				0B4623C32D4DB19F94040C10 /* [CP] Copy Pods Resources */,
			);
			buildRules = (
			);
			dependencies = (
			);
			name = Capcha;
			productName = Capcha;
			productReference = 67A9699E1DF6C9F800397526 /* Capcha.app */;
			productType = "com.apple.product-type.application";
		};
/* End PBXNativeTarget section */

/* Begin PBXProject section */
		67A969961DF6C9F800397526 /* Project object */ = {
			isa = PBXProject;
			attributes = {
				LastSwiftUpdateCheck = 0810;
				LastUpgradeCheck = 0810;
				ORGANIZATIONNAME = "Nanjing University";
				TargetAttributes = {
					67A9699D1DF6C9F800397526 = {
						CreatedOnToolsVersion = 8.1;
						DevelopmentTeam = RCMHACTPLY;
						ProvisioningStyle = Automatic;
					};
				};
			};
			buildConfigurationList = 67A969991DF6C9F800397526 /* Build configuration list for PBXProject "Capcha" */;
			compatibilityVersion = "Xcode 3.2";
			developmentRegion = English;
			hasScannedForEncodings = 0;
			knownRegions = (
				en,
				Base,
			);
			mainGroup = 67A969951DF6C9F800397526;
			productRefGroup = 67A9699F1DF6C9F800397526 /* Products */;
			projectDirPath = "";
			projectRoot = "";
			targets = (
				67A9699D1DF6C9F800397526 /* Capcha */,
			);
		};
/* End PBXProject section */

/* Begin PBXResourcesBuildPhase section */
		67A9699C1DF6C9F800397526 /* Resources */ = {
			isa = PBXResourcesBuildPhase;
			buildActionMask = 2147483647;
			files = (
				67A969AC1DF6C9F800397526 /* LaunchScreen.storyboard in Resources */,
				67A969A91DF6C9F800397526 /* Assets.xcassets in Resources */,
			);
			runOnlyForDeploymentPostprocessing = 0;
		};
/* End PBXResourcesBuildPhase section */

/* Begin PBXShellScriptBuildPhase section */
		0B4623C32D4DB19F94040C10 /* [CP] Copy Pods Resources */ = {
			isa = PBXShellScriptBuildPhase;
			buildActionMask = 2147483647;
			files = (
			);
			inputPaths = (
			);
			name = "[CP] Copy Pods Resources";
			outputPaths = (
			);
			runOnlyForDeploymentPostprocessing = 0;
			shellPath = /bin/sh;
			shellScript = "\"${SRCROOT}/Pods/Target Support Files/Pods-Capcha/Pods-Capcha-resources.sh\"\n";
			showEnvVarsInLog = 0;
		};
		4DD63D9B534EC6B4EF8D735A /* [CP] Check Pods Manifest.lock */ = {
			isa = PBXShellScriptBuildPhase;
			buildActionMask = 2147483647;
			files = (
			);
			inputPaths = (
			);
			name = "[CP] Check Pods Manifest.lock";
			outputPaths = (
			);
			runOnlyForDeploymentPostprocessing = 0;
			shellPath = /bin/sh;
			shellScript = "diff \"${PODS_ROOT}/../Podfile.lock\" \"${PODS_ROOT}/Manifest.lock\" > /dev/null\nif [[ $? != 0 ]] ; then\n    cat << EOM\nerror: The sandbox is not in sync with the Podfile.lock. Run 'pod install' or update your CocoaPods installation.\nEOM\n    exit 1\nfi\n";
			showEnvVarsInLog = 0;
		};
		D411E4AEEE2D8F489D9386B8 /* [CP] Embed Pods Frameworks */ = {
			isa = PBXShellScriptBuildPhase;
			buildActionMask = 2147483647;
			files = (
			);
			inputPaths = (
			);
			name = "[CP] Embed Pods Frameworks";
			outputPaths = (
			);
			runOnlyForDeploymentPostprocessing = 0;
			shellPath = /bin/sh;
			shellScript = "\"${SRCROOT}/Pods/Target Support Files/Pods-Capcha/Pods-Capcha-frameworks.sh\"\n";
			showEnvVarsInLog = 0;
		};
/* End PBXShellScriptBuildPhase section */

/* Begin PBXSourcesBuildPhase section */
		67A9699A1DF6C9F800397526 /* Sources */ = {
			isa = PBXSourcesBuildPhase;
			buildActionMask = 2147483647;
			files = (
				676746571E057E22003958D9 /* HorizontalScrollViewController.swift in Sources */,
				676746531E057CEB003958D9 /* CapchaNavigationController.swift in Sources */,
				67A969A21DF6C9F800397526 /* AppDelegate.swift in Sources */,
				676746551E057CEB003958D9 /* PhotographerViewController.swift in Sources */,
				676746541E057CEB003958D9 /* ModelViewController.swift in Sources */,
			);
			runOnlyForDeploymentPostprocessing = 0;
		};
/* End PBXSourcesBuildPhase section */

/* Begin PBXVariantGroup section */
		67A969AA1DF6C9F800397526 /* LaunchScreen.storyboard */ = {
			isa = PBXVariantGroup;
			children = (
				67A969AB1DF6C9F800397526 /* Base */,
			);
			name = LaunchScreen.storyboard;
			sourceTree = "<group>";
		};
/* End PBXVariantGroup section */

/* Begin XCBuildConfiguration section */
		67A969AE1DF6C9F800397526 /* Debug */ = {
			isa = XCBuildConfiguration;
			buildSettings = {
				ALWAYS_SEARCH_USER_PATHS = NO;
				CLANG_ANALYZER_NONNULL = YES;
				CLANG_CXX_LANGUAGE_STANDARD = "gnu++0x";
				CLANG_CXX_LIBRARY = "libc++";
				CLANG_ENABLE_MODULES = YES;
				CLANG_ENABLE_OBJC_ARC = YES;
				CLANG_WARN_BOOL_CONVERSION = YES;
				CLANG_WARN_CONSTANT_CONVERSION = YES;
				CLANG_WARN_DIRECT_OBJC_ISA_USAGE = YES_ERROR;
				CLANG_WARN_DOCUMENTATION_COMMENTS = YES;
				CLANG_WARN_EMPTY_BODY = YES;
				CLANG_WARN_ENUM_CONVERSION = YES;
				CLANG_WARN_INFINITE_RECURSION = YES;
				CLANG_WARN_INT_CONVERSION = YES;
				CLANG_WARN_OBJC_ROOT_CLASS = YES_ERROR;
				CLANG_WARN_SUSPICIOUS_MOVES = YES;
				CLANG_WARN_UNREACHABLE_CODE = YES;
				CLANG_WARN__DUPLICATE_METHOD_MATCH = YES;
				"CODE_SIGN_IDENTITY[sdk=iphoneos*]" = "iPhone Developer";
				COPY_PHASE_STRIP = NO;
				DEBUG_INFORMATION_FORMAT = dwarf;
				ENABLE_STRICT_OBJC_MSGSEND = YES;
				ENABLE_TESTABILITY = YES;
				GCC_C_LANGUAGE_STANDARD = gnu99;
				GCC_DYNAMIC_NO_PIC = NO;
				GCC_NO_COMMON_BLOCKS = YES;
				GCC_OPTIMIZATION_LEVEL = 0;
				GCC_PREPROCESSOR_DEFINITIONS = (
					"DEBUG=1",
					"$(inherited)",
				);
				GCC_WARN_64_TO_32_BIT_CONVERSION = YES;
				GCC_WARN_ABOUT_RETURN_TYPE = YES_ERROR;
				GCC_WARN_UNDECLARED_SELECTOR = YES;
				GCC_WARN_UNINITIALIZED_AUTOS = YES_AGGRESSIVE;
				GCC_WARN_UNUSED_FUNCTION = YES;
				GCC_WARN_UNUSED_VARIABLE = YES;
				IPHONEOS_DEPLOYMENT_TARGET = 10.1;
				MTL_ENABLE_DEBUG_INFO = YES;
				ONLY_ACTIVE_ARCH = YES;
				SDKROOT = iphoneos;
				SWIFT_ACTIVE_COMPILATION_CONDITIONS = DEBUG;
				SWIFT_OPTIMIZATION_LEVEL = "-Onone";
			};
			name = Debug;
		};
		67A969AF1DF6C9F800397526 /* Release */ = {
			isa = XCBuildConfiguration;
			buildSettings = {
				ALWAYS_SEARCH_USER_PATHS = NO;
				CLANG_ANALYZER_NONNULL = YES;
				CLANG_CXX_LANGUAGE_STANDARD = "gnu++0x";
				CLANG_CXX_LIBRARY = "libc++";
				CLANG_ENABLE_MODULES = YES;
				CLANG_ENABLE_OBJC_ARC = YES;
				CLANG_WARN_BOOL_CONVERSION = YES;
				CLANG_WARN_CONSTANT_CONVERSION = YES;
				CLANG_WARN_DIRECT_OBJC_ISA_USAGE = YES_ERROR;
				CLANG_WARN_DOCUMENTATION_COMMENTS = YES;
				CLANG_WARN_EMPTY_BODY = YES;
				CLANG_WARN_ENUM_CONVERSION = YES;
				CLANG_WARN_INFINITE_RECURSION = YES;
				CLANG_WARN_INT_CONVERSION = YES;
				CLANG_WARN_OBJC_ROOT_CLASS = YES_ERROR;
				CLANG_WARN_SUSPICIOUS_MOVES = YES;
				CLANG_WARN_UNREACHABLE_CODE = YES;
				CLANG_WARN__DUPLICATE_METHOD_MATCH = YES;
				"CODE_SIGN_IDENTITY[sdk=iphoneos*]" = "iPhone Developer";
				COPY_PHASE_STRIP = NO;
				DEBUG_INFORMATION_FORMAT = "dwarf-with-dsym";
				ENABLE_NS_ASSERTIONS = NO;
				ENABLE_STRICT_OBJC_MSGSEND = YES;
				GCC_C_LANGUAGE_STANDARD = gnu99;
				GCC_NO_COMMON_BLOCKS = YES;
				GCC_WARN_64_TO_32_BIT_CONVERSION = YES;
				GCC_WARN_ABOUT_RETURN_TYPE = YES_ERROR;
				GCC_WARN_UNDECLARED_SELECTOR = YES;
				GCC_WARN_UNINITIALIZED_AUTOS = YES_AGGRESSIVE;
				GCC_WARN_UNUSED_FUNCTION = YES;
				GCC_WARN_UNUSED_VARIABLE = YES;
				IPHONEOS_DEPLOYMENT_TARGET = 10.1;
				MTL_ENABLE_DEBUG_INFO = NO;
				SDKROOT = iphoneos;
				SWIFT_OPTIMIZATION_LEVEL = "-Owholemodule";
				VALIDATE_PRODUCT = YES;
			};
			name = Release;
		};
		67A969B11DF6C9F800397526 /* Debug */ = {
			isa = XCBuildConfiguration;
			baseConfigurationReference = D611F5420F31C95BE82441E7 /* Pods-Capcha.debug.xcconfig */;
			buildSettings = {
				ASSETCATALOG_COMPILER_APPICON_NAME = AppIcon;
				DEVELOPMENT_TEAM = RCMHACTPLY;
				INFOPLIST_FILE = Capcha/Info.plist;
				IPHONEOS_DEPLOYMENT_TARGET = 8.0;
				LD_RUNPATH_SEARCH_PATHS = "$(inherited) @executable_path/Frameworks";
				PRODUCT_BUNDLE_IDENTIFIER = me.soledad.Capcha;
				PRODUCT_NAME = "$(TARGET_NAME)";
				SWIFT_VERSION = 3.0.1;
			};
			name = Debug;
		};
		67A969B21DF6C9F800397526 /* Release */ = {
			isa = XCBuildConfiguration;
			baseConfigurationReference = 2C3D70A592F33696D34C1345 /* Pods-Capcha.release.xcconfig */;
			buildSettings = {
				ASSETCATALOG_COMPILER_APPICON_NAME = AppIcon;
				DEVELOPMENT_TEAM = RCMHACTPLY;
				INFOPLIST_FILE = Capcha/Info.plist;
				IPHONEOS_DEPLOYMENT_TARGET = 8.0;
				LD_RUNPATH_SEARCH_PATHS = "$(inherited) @executable_path/Frameworks";
				PRODUCT_BUNDLE_IDENTIFIER = me.soledad.Capcha;
				PRODUCT_NAME = "$(TARGET_NAME)";
				SWIFT_VERSION = 3.0.1;
			};
			name = Release;
		};
/* End XCBuildConfiguration section */

/* Begin XCConfigurationList section */
		67A969991DF6C9F800397526 /* Build configuration list for PBXProject "Capcha" */ = {
			isa = XCConfigurationList;
			buildConfigurations = (
				67A969AE1DF6C9F800397526 /* Debug */,
				67A969AF1DF6C9F800397526 /* Release */,
			);
			defaultConfigurationIsVisible = 0;
			defaultConfigurationName = Release;
		};
		67A969B01DF6C9F800397526 /* Build configuration list for PBXNativeTarget "Capcha" */ = {
			isa = XCConfigurationList;
			buildConfigurations = (
				67A969B11DF6C9F800397526 /* Debug */,
				67A969B21DF6C9F800397526 /* Release */,
			);
			defaultConfigurationIsVisible = 0;
			defaultConfigurationName = Release;
		};
/* End XCConfigurationList section */
	};
	rootObject = 67A969961DF6C9F800397526 /* Project object */;
}
