PODS:
  - SnapKit (3.0.2)
  - SwifterSwift (1.2.2)

DEPENDENCIES:
  - SnapKit (~> 3.0.2)
  - SwifterSwift

SPEC CHECKSUMS:
  SnapKit: 2e456761aa92d4d4067a7a5594c18769d451a8ad
  SwifterSwift: 52d518f650baf7fa8069dacfc802214b8e58b81c

PODFILE CHECKSUM: 5c0d94b49383463f36b1038d4f9687bae1a1b694

COCOAPODS: 1.0.1
